
Microsoft Visual Studio Solution File, Format Version 12.00
# Visual Studio Version 17
VisualStudioVersion = 17.0.31903.59
MinimumVisualStudioVersion = 10.0.40219.1
Project("{9A19103F-16F7-4668-BE54-9A1E7A4F7556}") = "PharmCompany.DataBase", "PharmacyCompany.DataBase\PharmCompany.DataBase.csproj", "{637FE8C7-03D0-44B8-9657-6341BAF8575D}"
EndProject
Project("{2150E333-8FDC-42A3-9474-1A3956D46DE8}") = "Applications", "Applications", "{0A7563F0-26A1-47D5-ABCD-06C88F4D4CC5}"
EndProject
Project("{FAE04EC0-301F-11D3-BF4B-00C04F79EFBC}") = "PharmCompany.ConsoleApp", "PharmCompany.ConsoleApp\PharmCompany.ConsoleApp.csproj", "{DBE4D441-D072-4510-937C-43D83B461725}"
EndProject
Global
	GlobalSection(SolutionConfigurationPlatforms) = preSolution
		Debug|Any CPU = Debug|Any CPU
		Release|Any CPU = Release|Any CPU
	EndGlobalSection
	GlobalSection(ProjectConfigurationPlatforms) = postSolution
		{637FE8C7-03D0-44B8-9657-6341BAF8575D}.Debug|Any CPU.ActiveCfg = Debug|Any CPU
		{637FE8C7-03D0-44B8-9657-6341BAF8575D}.Debug|Any CPU.Build.0 = Debug|Any CPU
		{637FE8C7-03D0-44B8-9657-6341BAF8575D}.Release|Any CPU.ActiveCfg = Release|Any CPU
		{637FE8C7-03D0-44B8-9657-6341BAF8575D}.Release|Any CPU.Build.0 = Release|Any CPU
		{DBE4D441-D072-4510-937C-43D83B461725}.Debug|Any CPU.ActiveCfg = Debug|Any CPU
		{DBE4D441-D072-4510-937C-43D83B461725}.Debug|Any CPU.Build.0 = Debug|Any CPU
		{DBE4D441-D072-4510-937C-43D83B461725}.Release|Any CPU.ActiveCfg = Release|Any CPU
		{DBE4D441-D072-4510-937C-43D83B461725}.Release|Any CPU.Build.0 = Release|Any CPU
	EndGlobalSection
	GlobalSection(SolutionProperties) = preSolution
		HideSolutionNode = FALSE
	EndGlobalSection
	GlobalSection(NestedProjects) = preSolution
		{DBE4D441-D072-4510-937C-43D83B461725} = {0A7563F0-26A1-47D5-ABCD-06C88F4D4CC5}
	EndGlobalSection
	GlobalSection(ExtensibilityGlobals) = postSolution
		SolutionGuid = {DCA0990F-0797-41AC-B66D-8EE8955B3FF2}
	EndGlobalSection
EndGlobal
